
Microsoft Visual Studio Solution File, Format Version 12.00
# Visual Studio Version 16
VisualStudioVersion = 16.0.30611.23
MinimumVisualStudioVersion = 10.0.40219.1
Project("{FAE04EC0-301F-11D3-BF4B-00C04F79EFBC}") = "PATRON_DAO_DTO_SINGLETON", "PATRON_DAO_DTO_SINGLETON.csproj", "{C1587B86-3277-43AB-AC30-18232C72BA27}"
EndProject
Global
	GlobalSection(SolutionConfigurationPlatforms) = preSolution
		Debug|Any CPU = Debug|Any CPU
		Release|Any CPU = Release|Any CPU
	EndGlobalSection
	GlobalSection(ProjectConfigurationPlatforms) = postSolution
		{C1587B86-3277-43AB-AC30-18232C72BA27}.Debug|Any CPU.ActiveCfg = Debug|Any CPU
		{C1587B86-3277-43AB-AC30-18232C72BA27}.Debug|Any CPU.Build.0 = Debug|Any CPU
		{C1587B86-3277-43AB-AC30-18232C72BA27}.Release|Any CPU.ActiveCfg = Release|Any CPU
		{C1587B86-3277-43AB-AC30-18232C72BA27}.Release|Any CPU.Build.0 = Release|Any CPU
	EndGlobalSection
	GlobalSection(SolutionProperties) = preSolution
		HideSolutionNode = FALSE
	EndGlobalSection
	GlobalSection(ExtensibilityGlobals) = postSolution
		SolutionGuid = {41FEC742-9D4C-405C-BB46-E9D76B72559C}
	EndGlobalSection
EndGlobal
